
Microsoft Visual Studio Solution File, Format Version 12.00
# Visual Studio Version 17
VisualStudioVersion = 17.11.35312.102
MinimumVisualStudioVersion = 10.0.40219.1
Project("{FAE04EC0-301F-11D3-BF4B-00C04F79EFBC}") = "hello_world1", "hello_world1\hello_world1.csproj", "{F074F0DF-708A-4800-9981-83864913E30C}"
EndProject
Global
	GlobalSection(SolutionConfigurationPlatforms) = preSolution
		Debug|Any CPU = Debug|Any CPU
		Release|Any CPU = Release|Any CPU
	EndGlobalSection
	GlobalSection(ProjectConfigurationPlatforms) = postSolution
		{F074F0DF-708A-4800-9981-83864913E30C}.Debug|Any CPU.ActiveCfg = Debug|Any CPU
		{F074F0DF-708A-4800-9981-83864913E30C}.Debug|Any CPU.Build.0 = Debug|Any CPU
		{F074F0DF-708A-4800-9981-83864913E30C}.Release|Any CPU.ActiveCfg = Release|Any CPU
		{F074F0DF-708A-4800-9981-83864913E30C}.Release|Any CPU.Build.0 = Release|Any CPU
	EndGlobalSection
	GlobalSection(SolutionProperties) = preSolution
		HideSolutionNode = FALSE
	EndGlobalSection
	GlobalSection(ExtensibilityGlobals) = postSolution
		SolutionGuid = {6049003D-95E9-4B77-89FE-7DA88328C91D}
	EndGlobalSection
EndGlobal
